{
  "name": "qewl-mock",
  "version": "0.1.0",
  "lockfileVersion": 1,
  "requires": true,
  "dependencies": {
    "@types/graphql": {
      "version": "0.11.6",
      "resolved": "https://registry.npmjs.org/@types/graphql/-/graphql-0.11.6.tgz",
      "integrity": "sha512-7o0FPK9QUZvFaR9h5Qd2uLyk6VdS3Z4cJNIjkxO55FLndW8zWd3DlPR2owdKwgnSJFELj5mY0U4zmU9fj6Zowg==",
      "dev": true
    }
  }
}
